
Microsoft Visual Studio Solution File, Format Version 12.00
# Visual Studio Version 17
VisualStudioVersion = 17.9.34701.34
MinimumVisualStudioVersion = 10.0.40219.1
Project("{FAE04EC0-301F-11D3-BF4B-00C04F79EFBC}") = "Assignment_2_Group11", "Assignment_2_Group11\Assignment_2_Group11.csproj", "{AC03D449-B788-42E1-8F4A-8D6CDC415C97}"
EndProject
Project("{FAE04EC0-301F-11D3-BF4B-00C04F79EFBC}") = "Assignment_2_Group11.nUnitTests", "Assignment_2_Group11.nUnitTests\Assignment_2_Group11.nUnitTests.csproj", "{73FB4930-1876-4E84-8763-4D71180955EB}"
EndProject
Global
	GlobalSection(SolutionConfigurationPlatforms) = preSolution
		Debug|Any CPU = Debug|Any CPU
		Release|Any CPU = Release|Any CPU
	EndGlobalSection
	GlobalSection(ProjectConfigurationPlatforms) = postSolution
		{AC03D449-B788-42E1-8F4A-8D6CDC415C97}.Debug|Any CPU.ActiveCfg = Debug|Any CPU
		{AC03D449-B788-42E1-8F4A-8D6CDC415C97}.Debug|Any CPU.Build.0 = Debug|Any CPU
		{AC03D449-B788-42E1-8F4A-8D6CDC415C97}.Release|Any CPU.ActiveCfg = Release|Any CPU
		{AC03D449-B788-42E1-8F4A-8D6CDC415C97}.Release|Any CPU.Build.0 = Release|Any CPU
		{73FB4930-1876-4E84-8763-4D71180955EB}.Debug|Any CPU.ActiveCfg = Debug|Any CPU
		{73FB4930-1876-4E84-8763-4D71180955EB}.Debug|Any CPU.Build.0 = Debug|Any CPU
		{73FB4930-1876-4E84-8763-4D71180955EB}.Release|Any CPU.ActiveCfg = Release|Any CPU
		{73FB4930-1876-4E84-8763-4D71180955EB}.Release|Any CPU.Build.0 = Release|Any CPU
	EndGlobalSection
	GlobalSection(SolutionProperties) = preSolution
		HideSolutionNode = FALSE
	EndGlobalSection
	GlobalSection(ExtensibilityGlobals) = postSolution
		SolutionGuid = {D9BE9F5A-29B4-4178-94DE-844CC22B46DA}
	EndGlobalSection
EndGlobal
